
Microsoft Visual Studio Solution File, Format Version 12.00
# Visual Studio Version 16
VisualStudioVersion = 16.0.32002.261
MinimumVisualStudioVersion = 10.0.40219.1
Project("{FAE04EC0-301F-11D3-BF4B-00C04F79EFBC}") = "Lavenir", "Lavenir.csproj", "{E437D9FE-45EC-4725-9D1F-8F8A5B592C8D}"
EndProject
Global
	GlobalSection(SolutionConfigurationPlatforms) = preSolution
		Debug|Any CPU = Debug|Any CPU
		Release|Any CPU = Release|Any CPU
	EndGlobalSection
	GlobalSection(ProjectConfigurationPlatforms) = postSolution
		{E437D9FE-45EC-4725-9D1F-8F8A5B592C8D}.Debug|Any CPU.ActiveCfg = Debug|Any CPU
		{E437D9FE-45EC-4725-9D1F-8F8A5B592C8D}.Debug|Any CPU.Build.0 = Debug|Any CPU
		{E437D9FE-45EC-4725-9D1F-8F8A5B592C8D}.Release|Any CPU.ActiveCfg = Release|Any CPU
		{E437D9FE-45EC-4725-9D1F-8F8A5B592C8D}.Release|Any CPU.Build.0 = Release|Any CPU
	EndGlobalSection
	GlobalSection(SolutionProperties) = preSolution
		HideSolutionNode = FALSE
	EndGlobalSection
	GlobalSection(ExtensibilityGlobals) = postSolution
		SolutionGuid = {1BEA0430-2E2F-4ECF-A3DE-D388C45DB52E}
	EndGlobalSection
EndGlobal
